
Microsoft Visual Studio Solution File, Format Version 12.00
# Visual Studio Version 17
VisualStudioVersion = 17.7.34221.43
MinimumVisualStudioVersion = 10.0.40219.1
Project("{9A19103F-16F7-4668-BE54-9A1E7A4F7556}") = "ToDoList.Web", "ToDoList.Web\ToDoList.Web.csproj", "{20DA0CC6-D5B6-4C0C-A2B7-84EF41D25400}"
EndProject
Project("{9A19103F-16F7-4668-BE54-9A1E7A4F7556}") = "ToDoList.DAL", "ToDoList.DAL\ToDoList.DAL.csproj", "{1A00A534-086F-4728-ACBB-B6FE6E8960CA}"
EndProject
Project("{9A19103F-16F7-4668-BE54-9A1E7A4F7556}") = "ToDoList.Domain", "ToDoList.Domain\ToDoList.Domain.csproj", "{6D57A912-1058-46B0-8638-327C33F4D3F8}"
EndProject
Project("{FAE04EC0-301F-11D3-BF4B-00C04F79EFBC}") = "ToDoList.Services", "ToDoList.Services\ToDoList.Services.csproj", "{90B76021-0251-4A80-B0AD-139984B8C8B2}"
EndProject
Global
	GlobalSection(SolutionConfigurationPlatforms) = preSolution
		Debug|Any CPU = Debug|Any CPU
		Release|Any CPU = Release|Any CPU
	EndGlobalSection
	GlobalSection(ProjectConfigurationPlatforms) = postSolution
		{20DA0CC6-D5B6-4C0C-A2B7-84EF41D25400}.Debug|Any CPU.ActiveCfg = Debug|Any CPU
		{20DA0CC6-D5B6-4C0C-A2B7-84EF41D25400}.Debug|Any CPU.Build.0 = Debug|Any CPU
		{20DA0CC6-D5B6-4C0C-A2B7-84EF41D25400}.Release|Any CPU.ActiveCfg = Release|Any CPU
		{20DA0CC6-D5B6-4C0C-A2B7-84EF41D25400}.Release|Any CPU.Build.0 = Release|Any CPU
		{1A00A534-086F-4728-ACBB-B6FE6E8960CA}.Debug|Any CPU.ActiveCfg = Debug|Any CPU
		{1A00A534-086F-4728-ACBB-B6FE6E8960CA}.Debug|Any CPU.Build.0 = Debug|Any CPU
		{1A00A534-086F-4728-ACBB-B6FE6E8960CA}.Release|Any CPU.ActiveCfg = Release|Any CPU
		{1A00A534-086F-4728-ACBB-B6FE6E8960CA}.Release|Any CPU.Build.0 = Release|Any CPU
		{6D57A912-1058-46B0-8638-327C33F4D3F8}.Debug|Any CPU.ActiveCfg = Debug|Any CPU
		{6D57A912-1058-46B0-8638-327C33F4D3F8}.Debug|Any CPU.Build.0 = Debug|Any CPU
		{6D57A912-1058-46B0-8638-327C33F4D3F8}.Release|Any CPU.ActiveCfg = Release|Any CPU
		{6D57A912-1058-46B0-8638-327C33F4D3F8}.Release|Any CPU.Build.0 = Release|Any CPU
		{90B76021-0251-4A80-B0AD-139984B8C8B2}.Debug|Any CPU.ActiveCfg = Debug|Any CPU
		{90B76021-0251-4A80-B0AD-139984B8C8B2}.Debug|Any CPU.Build.0 = Debug|Any CPU
		{90B76021-0251-4A80-B0AD-139984B8C8B2}.Release|Any CPU.ActiveCfg = Release|Any CPU
		{90B76021-0251-4A80-B0AD-139984B8C8B2}.Release|Any CPU.Build.0 = Release|Any CPU
	EndGlobalSection
	GlobalSection(SolutionProperties) = preSolution
		HideSolutionNode = FALSE
	EndGlobalSection
	GlobalSection(ExtensibilityGlobals) = postSolution
		SolutionGuid = {0FABFC0C-1380-44C4-BCB6-F060C9D8CA33}
	EndGlobalSection
EndGlobal
